
Microsoft Visual Studio Solution File, Format Version 12.00
# Visual Studio 2017
Project("{FAE04EC0-301F-11D3-BF4B-00C04F79EFBC}") = "Roll a Ball", "Roll a Ball.csproj", "{7592A752-0894-C0E6-AC9A-7DC2122DBE9D}"
EndProject
Global
	GlobalSection(SolutionConfigurationPlatforms) = preSolution
		Debug|Any CPU = Debug|Any CPU
		Release|Any CPU = Release|Any CPU
	EndGlobalSection
	GlobalSection(ProjectConfigurationPlatforms) = postSolution
		{7592A752-0894-C0E6-AC9A-7DC2122DBE9D}.Debug|Any CPU.ActiveCfg = Debug|Any CPU
		{7592A752-0894-C0E6-AC9A-7DC2122DBE9D}.Debug|Any CPU.Build.0 = Debug|Any CPU
		{7592A752-0894-C0E6-AC9A-7DC2122DBE9D}.Release|Any CPU.ActiveCfg = Release|Any CPU
		{7592A752-0894-C0E6-AC9A-7DC2122DBE9D}.Release|Any CPU.Build.0 = Release|Any CPU
	EndGlobalSection
	GlobalSection(SolutionProperties) = preSolution
		HideSolutionNode = FALSE
	EndGlobalSection
EndGlobal
